
Microsoft Visual Studio Solution File, Format Version 12.00
# Visual Studio 15
VisualStudioVersion = 15.0.28307.136
MinimumVisualStudioVersion = 10.0.40219.1
Project("{2150E333-8FDC-42A3-9474-1A3956D46DE8}") = ".nuget", ".nuget", "{B361DDE1-8DA9-4A1F-9181-9084B8ECBED0}"
	ProjectSection(SolutionItems) = preProject
		NuGet.config = NuGet.config
	EndProjectSection
EndProject
Project("{2150E333-8FDC-42A3-9474-1A3956D46DE8}") = ".resources", ".resources", "{35033A40-D74B-474A-84F1-250B06F211D2}"
	ProjectSection(SolutionItems) = preProject
		.resources\License.openSourceC.StandardLibrary.html = .resources\License.openSourceC.StandardLibrary.html
	EndProjectSection
EndProject
Project("{9A19103F-16F7-4668-BE54-9A1E7A4F7556}") = "openSourceC.StandardLibrary.Core", "openSourceC.StandardLibrary.Core\openSourceC.StandardLibrary.Core.csproj", "{2561347E-86D7-44BC-9233-1DA849E353B2}"
EndProject
Project("{9A19103F-16F7-4668-BE54-9A1E7A4F7556}") = "openSourceC.StandardLibrary.Data", "openSourceC.StandardLibrary.Data\openSourceC.StandardLibrary.Data.csproj", "{4926CC1A-689F-46B2-B300-708086A6073F}"
EndProject
Project("{9A19103F-16F7-4668-BE54-9A1E7A4F7556}") = "openSourceC.StandardLibrary.Data.SqlClient", "openSourceC.StandardLibrary.Data.SqlClient\openSourceC.StandardLibrary.Data.SqlClient.csproj", "{D6ED15E7-4953-4329-B078-5D99531E052A}"
EndProject
Project("{9A19103F-16F7-4668-BE54-9A1E7A4F7556}") = "openSourceC.StandardLibrary.Windows", "openSourceC.StandardLibrary.Windows\openSourceC.StandardLibrary.Windows.csproj", "{2F7D5C04-AC63-4C17-97FF-6B62E41BAD5F}"
EndProject
Project("{2150E333-8FDC-42A3-9474-1A3956D46DE8}") = ".git", ".git", "{3A58054A-FC4C-462D-A0C8-1A38B5197275}"
	ProjectSection(SolutionItems) = preProject
		..\.gitattributes = ..\.gitattributes
		..\.gitignore = ..\.gitignore
	EndProjectSection
EndProject
Global
	GlobalSection(SolutionConfigurationPlatforms) = preSolution
		Debug|Any CPU = Debug|Any CPU
		Release|Any CPU = Release|Any CPU
	EndGlobalSection
	GlobalSection(ProjectConfigurationPlatforms) = postSolution
		{2561347E-86D7-44BC-9233-1DA849E353B2}.Debug|Any CPU.ActiveCfg = Debug|Any CPU
		{2561347E-86D7-44BC-9233-1DA849E353B2}.Debug|Any CPU.Build.0 = Debug|Any CPU
		{2561347E-86D7-44BC-9233-1DA849E353B2}.Release|Any CPU.ActiveCfg = Release|Any CPU
		{2561347E-86D7-44BC-9233-1DA849E353B2}.Release|Any CPU.Build.0 = Release|Any CPU
		{4926CC1A-689F-46B2-B300-708086A6073F}.Debug|Any CPU.ActiveCfg = Debug|Any CPU
		{4926CC1A-689F-46B2-B300-708086A6073F}.Debug|Any CPU.Build.0 = Debug|Any CPU
		{4926CC1A-689F-46B2-B300-708086A6073F}.Release|Any CPU.ActiveCfg = Release|Any CPU
		{4926CC1A-689F-46B2-B300-708086A6073F}.Release|Any CPU.Build.0 = Release|Any CPU
		{D6ED15E7-4953-4329-B078-5D99531E052A}.Debug|Any CPU.ActiveCfg = Debug|Any CPU
		{D6ED15E7-4953-4329-B078-5D99531E052A}.Debug|Any CPU.Build.0 = Debug|Any CPU
		{D6ED15E7-4953-4329-B078-5D99531E052A}.Release|Any CPU.ActiveCfg = Release|Any CPU
		{D6ED15E7-4953-4329-B078-5D99531E052A}.Release|Any CPU.Build.0 = Release|Any CPU
		{2F7D5C04-AC63-4C17-97FF-6B62E41BAD5F}.Debug|Any CPU.ActiveCfg = Debug|Any CPU
		{2F7D5C04-AC63-4C17-97FF-6B62E41BAD5F}.Debug|Any CPU.Build.0 = Debug|Any CPU
		{2F7D5C04-AC63-4C17-97FF-6B62E41BAD5F}.Release|Any CPU.ActiveCfg = Release|Any CPU
		{2F7D5C04-AC63-4C17-97FF-6B62E41BAD5F}.Release|Any CPU.Build.0 = Release|Any CPU
	EndGlobalSection
	GlobalSection(SolutionProperties) = preSolution
		HideSolutionNode = FALSE
	EndGlobalSection
	GlobalSection(ExtensibilityGlobals) = postSolution
		SolutionGuid = {76E11D12-303B-4A5A-B9AD-024B0D786A77}
	EndGlobalSection
EndGlobal
